
Microsoft Visual Studio Solution File, Format Version 12.00
# Visual Studio Version 17
VisualStudioVersion = 17.11.35222.181
MinimumVisualStudioVersion = 10.0.40219.1
Project("{8BC9CEB8-8B4A-11D0-8D11-00A0C91BC942}") = "Integer", "Integer\Integer.vcxproj", "{E2508467-B2A6-489E-92A0-A241F3BD1984}"
EndProject
Global
	GlobalSection(SolutionConfigurationPlatforms) = preSolution
		Debug|x64 = Debug|x64
		Debug|x86 = Debug|x86
		Release|x64 = Release|x64
		Release|x86 = Release|x86
	EndGlobalSection
	GlobalSection(ProjectConfigurationPlatforms) = postSolution
		{E2508467-B2A6-489E-92A0-A241F3BD1984}.Debug|x64.ActiveCfg = Debug|x64
		{E2508467-B2A6-489E-92A0-A241F3BD1984}.Debug|x64.Build.0 = Debug|x64
		{E2508467-B2A6-489E-92A0-A241F3BD1984}.Debug|x86.ActiveCfg = Debug|Win32
		{E2508467-B2A6-489E-92A0-A241F3BD1984}.Debug|x86.Build.0 = Debug|Win32
		{E2508467-B2A6-489E-92A0-A241F3BD1984}.Release|x64.ActiveCfg = Release|x64
		{E2508467-B2A6-489E-92A0-A241F3BD1984}.Release|x64.Build.0 = Release|x64
		{E2508467-B2A6-489E-92A0-A241F3BD1984}.Release|x86.ActiveCfg = Release|Win32
		{E2508467-B2A6-489E-92A0-A241F3BD1984}.Release|x86.Build.0 = Release|Win32
	EndGlobalSection
	GlobalSection(SolutionProperties) = preSolution
		HideSolutionNode = FALSE
	EndGlobalSection
	GlobalSection(ExtensibilityGlobals) = postSolution
		SolutionGuid = {15806147-B918-4036-ACD5-009B54AEDDDB}
	EndGlobalSection
EndGlobal
